// !$*UTF8*$!
{
	archiveVersion = 1;
	classes = {
	};
	objectVersion = 50;
	objects = {

/* Begin PBXBuildFile section */
		744E0D4923CB15FB00CB226E /* WaterFlowViewController.m in Sources */ = {isa = PBXBuildFile; fileRef = 744E0D4823CB15FB00CB226E /* WaterFlowViewController.m */; };
		744E0D4C23CB164000CB226E /* TagsLabelViewController.m in Sources */ = {isa = PBXBuildFile; fileRef = 744E0D4B23CB164000CB226E /* TagsLabelViewController.m */; };
		744E0D4F23CB20E800CB226E /* WaterFlowLayout.m in Sources */ = {isa = PBXBuildFile; fileRef = 744E0D4E23CB20E800CB226E /* WaterFlowLayout.m */; };
		744E0D5223CDEDB700CB226E /* TagsLabelLayout.m in Sources */ = {isa = PBXBuildFile; fileRef = 744E0D5123CDEDB700CB226E /* TagsLabelLayout.m */; };
		749121F123CB0FCF007528E4 /* AppDelegate.m in Sources */ = {isa = PBXBuildFile; fileRef = 749121F023CB0FCF007528E4 /* AppDelegate.m */; };
		749121F423CB0FCF007528E4 /* SceneDelegate.m in Sources */ = {isa = PBXBuildFile; fileRef = 749121F323CB0FCF007528E4 /* SceneDelegate.m */; };
		749121F723CB0FCF007528E4 /* ViewController.m in Sources */ = {isa = PBXBuildFile; fileRef = 749121F623CB0FCF007528E4 /* ViewController.m */; };
		749121FA23CB0FCF007528E4 /* Main.storyboard in Resources */ = {isa = PBXBuildFile; fileRef = 749121F823CB0FCF007528E4 /* Main.storyboard */; };
		749121FC23CB0FD1007528E4 /* Assets.xcassets in Resources */ = {isa = PBXBuildFile; fileRef = 749121FB23CB0FD1007528E4 /* Assets.xcassets */; };
		749121FF23CB0FD1007528E4 /* LaunchScreen.storyboard in Resources */ = {isa = PBXBuildFile; fileRef = 749121FD23CB0FD1007528E4 /* LaunchScreen.storyboard */; };
		7491220223CB0FD1007528E4 /* main.m in Sources */ = {isa = PBXBuildFile; fileRef = 7491220123CB0FD1007528E4 /* main.m */; };
		7491220C23CB0FD1007528E4 /* MyWaterflowLayoutTests.m in Sources */ = {isa = PBXBuildFile; fileRef = 7491220B23CB0FD1007528E4 /* MyWaterflowLayoutTests.m */; };
		7491221723CB0FD1007528E4 /* MyWaterflowLayoutUITests.m in Sources */ = {isa = PBXBuildFile; fileRef = 7491221623CB0FD1007528E4 /* MyWaterflowLayoutUITests.m */; };
/* End PBXBuildFile section */

/* Begin PBXContainerItemProxy section */
		7491220823CB0FD1007528E4 /* PBXContainerItemProxy */ = {
			isa = PBXContainerItemProxy;
			containerPortal = 749121E423CB0FCF007528E4 /* Project object */;
			proxyType = 1;
			remoteGlobalIDString = 749121EB23CB0FCF007528E4;
			remoteInfo = MyWaterflowLayout;
		};
		7491221323CB0FD1007528E4 /* PBXContainerItemProxy */ = {
			isa = PBXContainerItemProxy;
			containerPortal = 749121E423CB0FCF007528E4 /* Project object */;
			proxyType = 1;
			remoteGlobalIDString = 749121EB23CB0FCF007528E4;
			remoteInfo = MyWaterflowLayout;
		};
/* End PBXContainerItemProxy section */

/* Begin PBXFileReference section */
		744E0D4723CB15FB00CB226E /* WaterFlowViewController.h */ = {isa = PBXFileReference; lastKnownFileType = sourcecode.c.h; path = WaterFlowViewController.h; sourceTree = "<group>"; };
		744E0D4823CB15FB00CB226E /* WaterFlowViewController.m */ = {isa = PBXFileReference; lastKnownFileType = sourcecode.c.objc; path = WaterFlowViewController.m; sourceTree = "<group>"; };
		744E0D4A23CB164000CB226E /* TagsLabelViewController.h */ = {isa = PBXFileReference; lastKnownFileType = sourcecode.c.h; path = TagsLabelViewController.h; sourceTree = "<group>"; };
		744E0D4B23CB164000CB226E /* TagsLabelViewController.m */ = {isa = PBXFileReference; lastKnownFileType = sourcecode.c.objc; path = TagsLabelViewController.m; sourceTree = "<group>"; };
		744E0D4D23CB20E800CB226E /* WaterFlowLayout.h */ = {isa = PBXFileReference; lastKnownFileType = sourcecode.c.h; path = WaterFlowLayout.h; sourceTree = "<group>"; };
		744E0D4E23CB20E800CB226E /* WaterFlowLayout.m */ = {isa = PBXFileReference; lastKnownFileType = sourcecode.c.objc; path = WaterFlowLayout.m; sourceTree = "<group>"; };
		744E0D5023CDEDB700CB226E /* TagsLabelLayout.h */ = {isa = PBXFileReference; lastKnownFileType = sourcecode.c.h; path = TagsLabelLayout.h; sourceTree = "<group>"; };
		744E0D5123CDEDB700CB226E /* TagsLabelLayout.m */ = {isa = PBXFileReference; lastKnownFileType = sourcecode.c.objc; path = TagsLabelLayout.m; sourceTree = "<group>"; };
		749121EC23CB0FCF007528E4 /* MyWaterflowLayout.app */ = {isa = PBXFileReference; explicitFileType = wrapper.application; includeInIndex = 0; path = MyWaterflowLayout.app; sourceTree = BUILT_PRODUCTS_DIR; };
		749121EF23CB0FCF007528E4 /* AppDelegate.h */ = {isa = PBXFileReference; lastKnownFileType = sourcecode.c.h; path = AppDelegate.h; sourceTree = "<group>"; };
		749121F023CB0FCF007528E4 /* AppDelegate.m */ = {isa = PBXFileReference; lastKnownFileType = sourcecode.c.objc; path = AppDelegate.m; sourceTree = "<group>"; };
		749121F223CB0FCF007528E4 /* SceneDelegate.h */ = {isa = PBXFileReference; lastKnownFileType = sourcecode.c.h; path = SceneDelegate.h; sourceTree = "<group>"; };
		749121F323CB0FCF007528E4 /* SceneDelegate.m */ = {isa = PBXFileReference; lastKnownFileType = sourcecode.c.objc; path = SceneDelegate.m; sourceTree = "<group>"; };
		749121F523CB0FCF007528E4 /* ViewController.h */ = {isa = PBXFileReference; lastKnownFileType = sourcecode.c.h; path = ViewController.h; sourceTree = "<group>"; };
		749121F623CB0FCF007528E4 /* ViewController.m */ = {isa = PBXFileReference; lastKnownFileType = sourcecode.c.objc; path = ViewController.m; sourceTree = "<group>"; };
		749121F923CB0FCF007528E4 /* Base */ = {isa = PBXFileReference; lastKnownFileType = file.storyboard; name = Base; path = Base.lproj/Main.storyboard; sourceTree = "<group>"; };
		749121FB23CB0FD1007528E4 /* Assets.xcassets */ = {isa = PBXFileReference; lastKnownFileType = folder.assetcatalog; path = Assets.xcassets; sourceTree = "<group>"; };
		749121FE23CB0FD1007528E4 /* Base */ = {isa = PBXFileReference; lastKnownFileType = file.storyboard; name = Base; path = Base.lproj/LaunchScreen.storyboard; sourceTree = "<group>"; };
		7491220023CB0FD1007528E4 /* Info.plist */ = {isa = PBXFileReference; lastKnownFileType = text.plist.xml; path = Info.plist; sourceTree = "<group>"; };
		7491220123CB0FD1007528E4 /* main.m */ = {isa = PBXFileReference; lastKnownFileType = sourcecode.c.objc; path = main.m; sourceTree = "<group>"; };
		7491220723CB0FD1007528E4 /* MyWaterflowLayoutTests.xctest */ = {isa = PBXFileReference; explicitFileType = wrapper.cfbundle; includeInIndex = 0; path = MyWaterflowLayoutTests.xctest; sourceTree = BUILT_PRODUCTS_DIR; };
		7491220B23CB0FD1007528E4 /* MyWaterflowLayoutTests.m */ = {isa = PBXFileReference; lastKnownFileType = sourcecode.c.objc; path = MyWaterflowLayoutTests.m; sourceTree = "<group>"; };
		7491220D23CB0FD1007528E4 /* Info.plist */ = {isa = PBXFileReference; lastKnownFileType = text.plist.xml; path = Info.plist; sourceTree = "<group>"; };
		7491221223CB0FD1007528E4 /* MyWaterflowLayoutUITests.xctest */ = {isa = PBXFileReference; explicitFileType = wrapper.cfbundle; includeInIndex = 0; path = MyWaterflowLayoutUITests.xctest; sourceTree = BUILT_PRODUCTS_DIR; };
		7491221623CB0FD1007528E4 /* MyWaterflowLayoutUITests.m */ = {isa = PBXFileReference; lastKnownFileType = sourcecode.c.objc; path = MyWaterflowLayoutUITests.m; sourceTree = "<group>"; };
		7491221823CB0FD1007528E4 /* Info.plist */ = {isa = PBXFileReference; lastKnownFileType = text.plist.xml; path = Info.plist; sourceTree = "<group>"; };
/* End PBXFileReference section */

/* Begin PBXFrameworksBuildPhase section */
		749121E923CB0FCF007528E4 /* Frameworks */ = {
			isa = PBXFrameworksBuildPhase;
			buildActionMask = 2147483647;
			files = (
			);
			runOnlyForDeploymentPostprocessing = 0;
		};
		7491220423CB0FD1007528E4 /* Frameworks */ = {
			isa = PBXFrameworksBuildPhase;
			buildActionMask = 2147483647;
			files = (
			);
			runOnlyForDeploymentPostprocessing = 0;
		};
		7491220F23CB0FD1007528E4 /* Frameworks */ = {
			isa = PBXFrameworksBuildPhase;
			buildActionMask = 2147483647;
			files = (
			);
			runOnlyForDeploymentPostprocessing = 0;
		};
/* End PBXFrameworksBuildPhase section */

/* Begin PBXGroup section */
		749121E323CB0FCF007528E4 = {
			isa = PBXGroup;
			children = (
				749121EE23CB0FCF007528E4 /* MyWaterflowLayout */,
				7491220A23CB0FD1007528E4 /* MyWaterflowLayoutTests */,
				7491221523CB0FD1007528E4 /* MyWaterflowLayoutUITests */,
				749121ED23CB0FCF007528E4 /* Products */,
			);
			sourceTree = "<group>";
		};
		749121ED23CB0FCF007528E4 /* Products */ = {
			isa = PBXGroup;
			children = (
				749121EC23CB0FCF007528E4 /* MyWaterflowLayout.app */,
				7491220723CB0FD1007528E4 /* MyWaterflowLayoutTests.xctest */,
				7491221223CB0FD1007528E4 /* MyWaterflowLayoutUITests.xctest */,
			);
			name = Products;
			sourceTree = "<group>";
		};
		749121EE23CB0FCF007528E4 /* MyWaterflowLayout */ = {
			isa = PBXGroup;
			children = (
				749121EF23CB0FCF007528E4 /* AppDelegate.h */,
				749121F023CB0FCF007528E4 /* AppDelegate.m */,
				749121F223CB0FCF007528E4 /* SceneDelegate.h */,
				749121F323CB0FCF007528E4 /* SceneDelegate.m */,
				749121F523CB0FCF007528E4 /* ViewController.h */,
				749121F623CB0FCF007528E4 /* ViewController.m */,
				749121F823CB0FCF007528E4 /* Main.storyboard */,
				749121FB23CB0FD1007528E4 /* Assets.xcassets */,
				749121FD23CB0FD1007528E4 /* LaunchScreen.storyboard */,
				7491220023CB0FD1007528E4 /* Info.plist */,
				7491220123CB0FD1007528E4 /* main.m */,
				744E0D4723CB15FB00CB226E /* WaterFlowViewController.h */,
				744E0D4823CB15FB00CB226E /* WaterFlowViewController.m */,
				744E0D4A23CB164000CB226E /* TagsLabelViewController.h */,
				744E0D4B23CB164000CB226E /* TagsLabelViewController.m */,
				744E0D4D23CB20E800CB226E /* WaterFlowLayout.h */,
				744E0D4E23CB20E800CB226E /* WaterFlowLayout.m */,
				744E0D5023CDEDB700CB226E /* TagsLabelLayout.h */,
				744E0D5123CDEDB700CB226E /* TagsLabelLayout.m */,
			);
			path = MyWaterflowLayout;
			sourceTree = "<group>";
		};
		7491220A23CB0FD1007528E4 /* MyWaterflowLayoutTests */ = {
			isa = PBXGroup;
			children = (
				7491220B23CB0FD1007528E4 /* MyWaterflowLayoutTests.m */,
				7491220D23CB0FD1007528E4 /* Info.plist */,
			);
			path = MyWaterflowLayoutTests;
			sourceTree = "<group>";
		};
		7491221523CB0FD1007528E4 /* MyWaterflowLayoutUITests */ = {
			isa = PBXGroup;
			children = (
				7491221623CB0FD1007528E4 /* MyWaterflowLayoutUITests.m */,
				7491221823CB0FD1007528E4 /* Info.plist */,
			);
			path = MyWaterflowLayoutUITests;
			sourceTree = "<group>";
		};
/* End PBXGroup section */

/* Begin PBXNativeTarget section */
		749121EB23CB0FCF007528E4 /* MyWaterflowLayout */ = {
			isa = PBXNativeTarget;
			buildConfigurationList = 7491221B23CB0FD1007528E4 /* Build configuration list for PBXNativeTarget "MyWaterflowLayout" */;
			buildPhases = (
				749121E823CB0FCF007528E4 /* Sources */,
				749121E923CB0FCF007528E4 /* Frameworks */,
				749121EA23CB0FCF007528E4 /* Resources */,
			);
			buildRules = (
			);
			dependencies = (
			);
			name = MyWaterflowLayout;
			productName = MyWaterflowLayout;
			productReference = 749121EC23CB0FCF007528E4 /* MyWaterflowLayout.app */;
			productType = "com.apple.product-type.application";
		};
		7491220623CB0FD1007528E4 /* MyWaterflowLayoutTests */ = {
			isa = PBXNativeTarget;
			buildConfigurationList = 7491221E23CB0FD1007528E4 /* Build configuration list for PBXNativeTarget "MyWaterflowLayoutTests" */;
			buildPhases = (
				7491220323CB0FD1007528E4 /* Sources */,
				7491220423CB0FD1007528E4 /* Frameworks */,
				7491220523CB0FD1007528E4 /* Resources */,
			);
			buildRules = (
			);
			dependencies = (
				7491220923CB0FD1007528E4 /* PBXTargetDependency */,
			);
			name = MyWaterflowLayoutTests;
			productName = MyWaterflowLayoutTests;
			productReference = 7491220723CB0FD1007528E4 /* MyWaterflowLayoutTests.xctest */;
			productType = "com.apple.product-type.bundle.unit-test";
		};
		7491221123CB0FD1007528E4 /* MyWaterflowLayoutUITests */ = {
			isa = PBXNativeTarget;
			buildConfigurationList = 7491222123CB0FD1007528E4 /* Build configuration list for PBXNativeTarget "MyWaterflowLayoutUITests" */;
			buildPhases = (
				7491220E23CB0FD1007528E4 /* Sources */,
				7491220F23CB0FD1007528E4 /* Frameworks */,
				7491221023CB0FD1007528E4 /* Resources */,
			);
			buildRules = (
			);
			dependencies = (
				7491221423CB0FD1007528E4 /* PBXTargetDependency */,
			);
			name = MyWaterflowLayoutUITests;
			productName = MyWaterflowLayoutUITests;
			productReference = 7491221223CB0FD1007528E4 /* MyWaterflowLayoutUITests.xctest */;
			productType = "com.apple.product-type.bundle.ui-testing";
		};
/* End PBXNativeTarget section */

/* Begin PBXProject section */
		749121E423CB0FCF007528E4 /* Project object */ = {
			isa = PBXProject;
			attributes = {
				LastUpgradeCheck = 1110;
				ORGANIZATIONNAME = wdyzmx;
				TargetAttributes = {
					749121EB23CB0FCF007528E4 = {
						CreatedOnToolsVersion = 11.1;
					};
					7491220623CB0FD1007528E4 = {
						CreatedOnToolsVersion = 11.1;
						TestTargetID = 749121EB23CB0FCF007528E4;
					};
					7491221123CB0FD1007528E4 = {
						CreatedOnToolsVersion = 11.1;
						TestTargetID = 749121EB23CB0FCF007528E4;
					};
				};
			};
			buildConfigurationList = 749121E723CB0FCF007528E4 /* Build configuration list for PBXProject "MyWaterflowLayout" */;
			compatibilityVersion = "Xcode 9.3";
			developmentRegion = en;
			hasScannedForEncodings = 0;
			knownRegions = (
				en,
				Base,
			);
			mainGroup = 749121E323CB0FCF007528E4;
			productRefGroup = 749121ED23CB0FCF007528E4 /* Products */;
			projectDirPath = "";
			projectRoot = "";
			targets = (
				749121EB23CB0FCF007528E4 /* MyWaterflowLayout */,
				7491220623CB0FD1007528E4 /* MyWaterflowLayoutTests */,
				7491221123CB0FD1007528E4 /* MyWaterflowLayoutUITests */,
			);
		};
/* End PBXProject section */

/* Begin PBXResourcesBuildPhase section */
		749121EA23CB0FCF007528E4 /* Resources */ = {
			isa = PBXResourcesBuildPhase;
			buildActionMask = 2147483647;
			files = (
				749121FF23CB0FD1007528E4 /* LaunchScreen.storyboard in Resources */,
				749121FC23CB0FD1007528E4 /* Assets.xcassets in Resources */,
				749121FA23CB0FCF007528E4 /* Main.storyboard in Resources */,
			);
			runOnlyForDeploymentPostprocessing = 0;
		};
		7491220523CB0FD1007528E4 /* Resources */ = {
			isa = PBXResourcesBuildPhase;
			buildActionMask = 2147483647;
			files = (
			);
			runOnlyForDeploymentPostprocessing = 0;
		};
		7491221023CB0FD1007528E4 /* Resources */ = {
			isa = PBXResourcesBuildPhase;
			buildActionMask = 2147483647;
			files = (
			);
			runOnlyForDeploymentPostprocessing = 0;
		};
/* End PBXResourcesBuildPhase section */

/* Begin PBXSourcesBuildPhase section */
		749121E823CB0FCF007528E4 /* Sources */ = {
			isa = PBXSourcesBuildPhase;
			buildActionMask = 2147483647;
			files = (
				744E0D4C23CB164000CB226E /* TagsLabelViewController.m in Sources */,
				744E0D5223CDEDB700CB226E /* TagsLabelLayout.m in Sources */,
				749121F723CB0FCF007528E4 /* ViewController.m in Sources */,
				749121F123CB0FCF007528E4 /* AppDelegate.m in Sources */,
				744E0D4923CB15FB00CB226E /* WaterFlowViewController.m in Sources */,
				744E0D4F23CB20E800CB226E /* WaterFlowLayout.m in Sources */,
				7491220223CB0FD1007528E4 /* main.m in Sources */,
				749121F423CB0FCF007528E4 /* SceneDelegate.m in Sources */,
			);
			runOnlyForDeploymentPostprocessing = 0;
		};
		7491220323CB0FD1007528E4 /* Sources */ = {
			isa = PBXSourcesBuildPhase;
			buildActionMask = 2147483647;
			files = (
				7491220C23CB0FD1007528E4 /* MyWaterflowLayoutTests.m in Sources */,
			);
			runOnlyForDeploymentPostprocessing = 0;
		};
		7491220E23CB0FD1007528E4 /* Sources */ = {
			isa = PBXSourcesBuildPhase;
			buildActionMask = 2147483647;
			files = (
				7491221723CB0FD1007528E4 /* MyWaterflowLayoutUITests.m in Sources */,
			);
			runOnlyForDeploymentPostprocessing = 0;
		};
/* End PBXSourcesBuildPhase section */

/* Begin PBXTargetDependency section */
		7491220923CB0FD1007528E4 /* PBXTargetDependency */ = {
			isa = PBXTargetDependency;
			target = 749121EB23CB0FCF007528E4 /* MyWaterflowLayout */;
			targetProxy = 7491220823CB0FD1007528E4 /* PBXContainerItemProxy */;
		};
		7491221423CB0FD1007528E4 /* PBXTargetDependency */ = {
			isa = PBXTargetDependency;
			target = 749121EB23CB0FCF007528E4 /* MyWaterflowLayout */;
			targetProxy = 7491221323CB0FD1007528E4 /* PBXContainerItemProxy */;
		};
/* End PBXTargetDependency section */

/* Begin PBXVariantGroup section */
		749121F823CB0FCF007528E4 /* Main.storyboard */ = {
			isa = PBXVariantGroup;
			children = (
				749121F923CB0FCF007528E4 /* Base */,
			);
			name = Main.storyboard;
			sourceTree = "<group>";
		};
		749121FD23CB0FD1007528E4 /* LaunchScreen.storyboard */ = {
			isa = PBXVariantGroup;
			children = (
				749121FE23CB0FD1007528E4 /* Base */,
			);
			name = LaunchScreen.storyboard;
			sourceTree = "<group>";
		};
/* End PBXVariantGroup section */

/* Begin XCBuildConfiguration section */
		7491221923CB0FD1007528E4 /* Debug */ = {
			isa = XCBuildConfiguration;
			buildSettings = {
				ALWAYS_SEARCH_USER_PATHS = NO;
				CLANG_ANALYZER_NONNULL = YES;
				CLANG_ANALYZER_NUMBER_OBJECT_CONVERSION = YES_AGGRESSIVE;
				CLANG_CXX_LANGUAGE_STANDARD = "gnu++14";
				CLANG_CXX_LIBRARY = "libc++";
				CLANG_ENABLE_MODULES = YES;
				CLANG_ENABLE_OBJC_ARC = YES;
				CLANG_ENABLE_OBJC_WEAK = YES;
				CLANG_WARN_BLOCK_CAPTURE_AUTORELEASING = YES;
				CLANG_WARN_BOOL_CONVERSION = YES;
				CLANG_WARN_COMMA = YES;
				CLANG_WARN_CONSTANT_CONVERSION = YES;
				CLANG_WARN_DEPRECATED_OBJC_IMPLEMENTATIONS = YES;
				CLANG_WARN_DIRECT_OBJC_ISA_USAGE = YES_ERROR;
				CLANG_WARN_DOCUMENTATION_COMMENTS = YES;
				CLANG_WARN_EMPTY_BODY = YES;
				CLANG_WARN_ENUM_CONVERSION = YES;
				CLANG_WARN_INFINITE_RECURSION = YES;
				CLANG_WARN_INT_CONVERSION = YES;
				CLANG_WARN_NON_LITERAL_NULL_CONVERSION = YES;
				CLANG_WARN_OBJC_IMPLICIT_RETAIN_SELF = YES;
				CLANG_WARN_OBJC_LITERAL_CONVERSION = YES;
				CLANG_WARN_OBJC_ROOT_CLASS = YES_ERROR;
				CLANG_WARN_RANGE_LOOP_ANALYSIS = YES;
				CLANG_WARN_STRICT_PROTOTYPES = YES;
				CLANG_WARN_SUSPICIOUS_MOVE = YES;
				CLANG_WARN_UNGUARDED_AVAILABILITY = YES_AGGRESSIVE;
				CLANG_WARN_UNREACHABLE_CODE = YES;
				CLANG_WARN__DUPLICATE_METHOD_MATCH = YES;
				COPY_PHASE_STRIP = NO;
				DEBUG_INFORMATION_FORMAT = dwarf;
				ENABLE_STRICT_OBJC_MSGSEND = YES;
				ENABLE_TESTABILITY = YES;
				GCC_C_LANGUAGE_STANDARD = gnu11;
				GCC_DYNAMIC_NO_PIC = NO;
				GCC_NO_COMMON_BLOCKS = YES;
				GCC_OPTIMIZATION_LEVEL = 0;
				GCC_PREPROCESSOR_DEFINITIONS = (
					"DEBUG=1",
					"$(inherited)",
				);
				GCC_WARN_64_TO_32_BIT_CONVERSION = YES;
				GCC_WARN_ABOUT_RETURN_TYPE = YES_ERROR;
				GCC_WARN_UNDECLARED_SELECTOR = YES;
				GCC_WARN_UNINITIALIZED_AUTOS = YES_AGGRESSIVE;
				GCC_WARN_UNUSED_FUNCTION = YES;
				GCC_WARN_UNUSED_VARIABLE = YES;
				IPHONEOS_DEPLOYMENT_TARGET = 13.1;
				MTL_ENABLE_DEBUG_INFO = INCLUDE_SOURCE;
				MTL_FAST_MATH = YES;
				ONLY_ACTIVE_ARCH = YES;
				SDKROOT = iphoneos;
			};
			name = Debug;
		};
		7491221A23CB0FD1007528E4 /* Release */ = {
			isa = XCBuildConfiguration;
			buildSettings = {
				ALWAYS_SEARCH_USER_PATHS = NO;
				CLANG_ANALYZER_NONNULL = YES;
				CLANG_ANALYZER_NUMBER_OBJECT_CONVERSION = YES_AGGRESSIVE;
				CLANG_CXX_LANGUAGE_STANDARD = "gnu++14";
				CLANG_CXX_LIBRARY = "libc++";
				CLANG_ENABLE_MODULES = YES;
				CLANG_ENABLE_OBJC_ARC = YES;
				CLANG_ENABLE_OBJC_WEAK = YES;
				CLANG_WARN_BLOCK_CAPTURE_AUTORELEASING = YES;
				CLANG_WARN_BOOL_CONVERSION = YES;
				CLANG_WARN_COMMA = YES;
				CLANG_WARN_CONSTANT_CONVERSION = YES;
				CLANG_WARN_DEPRECATED_OBJC_IMPLEMENTATIONS = YES;
				CLANG_WARN_DIRECT_OBJC_ISA_USAGE = YES_ERROR;
				CLANG_WARN_DOCUMENTATION_COMMENTS = YES;
				CLANG_WARN_EMPTY_BODY = YES;
				CLANG_WARN_ENUM_CONVERSION = YES;
				CLANG_WARN_INFINITE_RECURSION = YES;
				CLANG_WARN_INT_CONVERSION = YES;
				CLANG_WARN_NON_LITERAL_NULL_CONVERSION = YES;
				CLANG_WARN_OBJC_IMPLICIT_RETAIN_SELF = YES;
				CLANG_WARN_OBJC_LITERAL_CONVERSION = YES;
				CLANG_WARN_OBJC_ROOT_CLASS = YES_ERROR;
				CLANG_WARN_RANGE_LOOP_ANALYSIS = YES;
				CLANG_WARN_STRICT_PROTOTYPES = YES;
				CLANG_WARN_SUSPICIOUS_MOVE = YES;
				CLANG_WARN_UNGUARDED_AVAILABILITY = YES_AGGRESSIVE;
				CLANG_WARN_UNREACHABLE_CODE = YES;
				CLANG_WARN__DUPLICATE_METHOD_MATCH = YES;
				COPY_PHASE_STRIP = NO;
				DEBUG_INFORMATION_FORMAT = "dwarf-with-dsym";
				ENABLE_NS_ASSERTIONS = NO;
				ENABLE_STRICT_OBJC_MSGSEND = YES;
				GCC_C_LANGUAGE_STANDARD = gnu11;
				GCC_NO_COMMON_BLOCKS = YES;
				GCC_WARN_64_TO_32_BIT_CONVERSION = YES;
				GCC_WARN_ABOUT_RETURN_TYPE = YES_ERROR;
				GCC_WARN_UNDECLARED_SELECTOR = YES;
				GCC_WARN_UNINITIALIZED_AUTOS = YES_AGGRESSIVE;
				GCC_WARN_UNUSED_FUNCTION = YES;
				GCC_WARN_UNUSED_VARIABLE = YES;
				IPHONEOS_DEPLOYMENT_TARGET = 13.1;
				MTL_ENABLE_DEBUG_INFO = NO;
				MTL_FAST_MATH = YES;
				SDKROOT = iphoneos;
				VALIDATE_PRODUCT = YES;
			};
			name = Release;
		};
		7491221C23CB0FD1007528E4 /* Debug */ = {
			isa = XCBuildConfiguration;
			buildSettings = {
				ASSETCATALOG_COMPILER_APPICON_NAME = AppIcon;
				CODE_SIGN_STYLE = Automatic;
				DEVELOPMENT_TEAM = UKN88ZK5LF;
				INFOPLIST_FILE = MyWaterflowLayout/Info.plist;
				LD_RUNPATH_SEARCH_PATHS = (
					"$(inherited)",
					"@executable_path/Frameworks",
				);
				PRODUCT_BUNDLE_IDENTIFIER = com.wdyzmx.MyWaterflowLayout;
				PRODUCT_NAME = "$(TARGET_NAME)";
				TARGETED_DEVICE_FAMILY = "1,2";
			};
			name = Debug;
		};
		7491221D23CB0FD1007528E4 /* Release */ = {
			isa = XCBuildConfiguration;
			buildSettings = {
				ASSETCATALOG_COMPILER_APPICON_NAME = AppIcon;
				CODE_SIGN_STYLE = Automatic;
				DEVELOPMENT_TEAM = UKN88ZK5LF;
				INFOPLIST_FILE = MyWaterflowLayout/Info.plist;
				LD_RUNPATH_SEARCH_PATHS = (
					"$(inherited)",
					"@executable_path/Frameworks",
				);
				PRODUCT_BUNDLE_IDENTIFIER = com.wdyzmx.MyWaterflowLayout;
				PRODUCT_NAME = "$(TARGET_NAME)";
				TARGETED_DEVICE_FAMILY = "1,2";
			};
			name = Release;
		};
		7491221F23CB0FD1007528E4 /* Debug */ = {
			isa = XCBuildConfiguration;
			buildSettings = {
				BUNDLE_LOADER = "$(TEST_HOST)";
				CODE_SIGN_STYLE = Automatic;
				DEVELOPMENT_TEAM = UKN88ZK5LF;
				INFOPLIST_FILE = MyWaterflowLayoutTests/Info.plist;
				IPHONEOS_DEPLOYMENT_TARGET = 13.1;
				LD_RUNPATH_SEARCH_PATHS = (
					"$(inherited)",
					"@executable_path/Frameworks",
					"@loader_path/Frameworks",
				);
				PRODUCT_BUNDLE_IDENTIFIER = com.wdyzmx.MyWaterflowLayoutTests;
				PRODUCT_NAME = "$(TARGET_NAME)";
				TARGETED_DEVICE_FAMILY = "1,2";
				TEST_HOST = "$(BUILT_PRODUCTS_DIR)/MyWaterflowLayout.app/MyWaterflowLayout";
			};
			name = Debug;
		};
		7491222023CB0FD1007528E4 /* Release */ = {
			isa = XCBuildConfiguration;
			buildSettings = {
				BUNDLE_LOADER = "$(TEST_HOST)";
				CODE_SIGN_STYLE = Automatic;
				DEVELOPMENT_TEAM = UKN88ZK5LF;
				INFOPLIST_FILE = MyWaterflowLayoutTests/Info.plist;
				IPHONEOS_DEPLOYMENT_TARGET = 13.1;
				LD_RUNPATH_SEARCH_PATHS = (
					"$(inherited)",
					"@executable_path/Frameworks",
					"@loader_path/Frameworks",
				);
				PRODUCT_BUNDLE_IDENTIFIER = com.wdyzmx.MyWaterflowLayoutTests;
				PRODUCT_NAME = "$(TARGET_NAME)";
				TARGETED_DEVICE_FAMILY = "1,2";
				TEST_HOST = "$(BUILT_PRODUCTS_DIR)/MyWaterflowLayout.app/MyWaterflowLayout";
			};
			name = Release;
		};
		7491222223CB0FD1007528E4 /* Debug */ = {
			isa = XCBuildConfiguration;
			buildSettings = {
				CODE_SIGN_STYLE = Automatic;
				DEVELOPMENT_TEAM = UKN88ZK5LF;
				INFOPLIST_FILE = MyWaterflowLayoutUITests/Info.plist;
				LD_RUNPATH_SEARCH_PATHS = (
					"$(inherited)",
					"@executable_path/Frameworks",
					"@loader_path/Frameworks",
				);
				PRODUCT_BUNDLE_IDENTIFIER = com.wdyzmx.MyWaterflowLayoutUITests;
				PRODUCT_NAME = "$(TARGET_NAME)";
				TARGETED_DEVICE_FAMILY = "1,2";
				TEST_TARGET_NAME = MyWaterflowLayout;
			};
			name = Debug;
		};
		7491222323CB0FD1007528E4 /* Release */ = {
			isa = XCBuildConfiguration;
			buildSettings = {
				CODE_SIGN_STYLE = Automatic;
				DEVELOPMENT_TEAM = UKN88ZK5LF;
				INFOPLIST_FILE = MyWaterflowLayoutUITests/Info.plist;
				LD_RUNPATH_SEARCH_PATHS = (
					"$(inherited)",
					"@executable_path/Frameworks",
					"@loader_path/Frameworks",
				);
				PRODUCT_BUNDLE_IDENTIFIER = com.wdyzmx.MyWaterflowLayoutUITests;
				PRODUCT_NAME = "$(TARGET_NAME)";
				TARGETED_DEVICE_FAMILY = "1,2";
				TEST_TARGET_NAME = MyWaterflowLayout;
			};
			name = Release;
		};
/* End XCBuildConfiguration section */

/* Begin XCConfigurationList section */
		749121E723CB0FCF007528E4 /* Build configuration list for PBXProject "MyWaterflowLayout" */ = {
			isa = XCConfigurationList;
			buildConfigurations = (
				7491221923CB0FD1007528E4 /* Debug */,
				7491221A23CB0FD1007528E4 /* Release */,
			);
			defaultConfigurationIsVisible = 0;
			defaultConfigurationName = Release;
		};
		7491221B23CB0FD1007528E4 /* Build configuration list for PBXNativeTarget "MyWaterflowLayout" */ = {
			isa = XCConfigurationList;
			buildConfigurations = (
				7491221C23CB0FD1007528E4 /* Debug */,
				7491221D23CB0FD1007528E4 /* Release */,
			);
			defaultConfigurationIsVisible = 0;
			defaultConfigurationName = Release;
		};
		7491221E23CB0FD1007528E4 /* Build configuration list for PBXNativeTarget "MyWaterflowLayoutTests" */ = {
			isa = XCConfigurationList;
			buildConfigurations = (
				7491221F23CB0FD1007528E4 /* Debug */,
				7491222023CB0FD1007528E4 /* Release */,
			);
			defaultConfigurationIsVisible = 0;
			defaultConfigurationName = Release;
		};
		7491222123CB0FD1007528E4 /* Build configuration list for PBXNativeTarget "MyWaterflowLayoutUITests" */ = {
			isa = XCConfigurationList;
			buildConfigurations = (
				7491222223CB0FD1007528E4 /* Debug */,
				7491222323CB0FD1007528E4 /* Release */,
			);
			defaultConfigurationIsVisible = 0;
			defaultConfigurationName = Release;
		};
/* End XCConfigurationList section */
	};
	rootObject = 749121E423CB0FCF007528E4 /* Project object */;
}
